
Microsoft Visual Studio Solution File, Format Version 12.00
# Visual Studio Version 17
VisualStudioVersion = 17.11.35327.3
MinimumVisualStudioVersion = 10.0.40219.1
Project("{FAE04EC0-301F-11D3-BF4B-00C04F79EFBC}") = "AVSH Test project", "AVSH Test project\AVSH Test project.csproj", "{EADE4128-94B5-4F93-B482-7D7FCEFB33EC}"
EndProject
Global
	GlobalSection(SolutionConfigurationPlatforms) = preSolution
		Debug|Any CPU = Debug|Any CPU
		Release|Any CPU = Release|Any CPU
	EndGlobalSection
	GlobalSection(ProjectConfigurationPlatforms) = postSolution
		{EADE4128-94B5-4F93-B482-7D7FCEFB33EC}.Debug|Any CPU.ActiveCfg = Debug|Any CPU
		{EADE4128-94B5-4F93-B482-7D7FCEFB33EC}.Debug|Any CPU.Build.0 = Debug|Any CPU
		{EADE4128-94B5-4F93-B482-7D7FCEFB33EC}.Release|Any CPU.ActiveCfg = Release|Any CPU
		{EADE4128-94B5-4F93-B482-7D7FCEFB33EC}.Release|Any CPU.Build.0 = Release|Any CPU
	EndGlobalSection
	GlobalSection(SolutionProperties) = preSolution
		HideSolutionNode = FALSE
	EndGlobalSection
	GlobalSection(ExtensibilityGlobals) = postSolution
		SolutionGuid = {B721E17A-83AF-4D72-856C-ABC9B29416EB}
	EndGlobalSection
EndGlobal
